
Microsoft Visual Studio Solution File, Format Version 12.00
# Visual Studio Version 17
VisualStudioVersion = 17.1.32228.430
MinimumVisualStudioVersion = 10.0.40219.1
Project("{2150E333-8FDC-42A3-9474-1A3956D46DE8}") = "FrontEnd", "FrontEnd", "{72EA2B6D-0F55-4F74-8851-0999B6171D7D}"
EndProject
Project("{9A19103F-16F7-4668-BE54-9A1E7A4F7556}") = "GeekShooping.Web", "GeekShooping.Web\GeekShooping.Web.csproj", "{E4BBEBB5-1BB0-4D8F-A831-9998E1D71F9C}"
EndProject
Project("{2150E333-8FDC-42A3-9474-1A3956D46DE8}") = "Services", "Services", "{1C8353D6-D4F8-4AAC-A00F-3E4661877423}"
EndProject
Project("{9A19103F-16F7-4668-BE54-9A1E7A4F7556}") = "GeekShooping.ProductAPI", "GeekShooping.ProductAPI\GeekShooping.ProductAPI.csproj", "{9DACDF10-D115-4C54-9A60-7E9182D3CA14}"
EndProject
Project("{9A19103F-16F7-4668-BE54-9A1E7A4F7556}") = "GeekShooping.IdentityServer", "GeekShooping.IdentityServer\GeekShooping.IdentityServer.csproj", "{736E30BC-65B7-46FB-846B-D7B16B1DB5C1}"
EndProject
Project("{FAE04EC0-301F-11D3-BF4B-00C04F79EFBC}") = "GeekShooping.CartApi", "GeekShopping.CartApi\GeekShooping.CartApi.csproj", "{82DD6BC9-1EB2-48AA-88D6-9A4B3581A4F3}"
EndProject
Global
	GlobalSection(SolutionConfigurationPlatforms) = preSolution
		Debug|Any CPU = Debug|Any CPU
		Release|Any CPU = Release|Any CPU
	EndGlobalSection
	GlobalSection(ProjectConfigurationPlatforms) = postSolution
		{E4BBEBB5-1BB0-4D8F-A831-9998E1D71F9C}.Debug|Any CPU.ActiveCfg = Debug|Any CPU
		{E4BBEBB5-1BB0-4D8F-A831-9998E1D71F9C}.Debug|Any CPU.Build.0 = Debug|Any CPU
		{E4BBEBB5-1BB0-4D8F-A831-9998E1D71F9C}.Release|Any CPU.ActiveCfg = Release|Any CPU
		{E4BBEBB5-1BB0-4D8F-A831-9998E1D71F9C}.Release|Any CPU.Build.0 = Release|Any CPU
		{9DACDF10-D115-4C54-9A60-7E9182D3CA14}.Debug|Any CPU.ActiveCfg = Debug|Any CPU
		{9DACDF10-D115-4C54-9A60-7E9182D3CA14}.Debug|Any CPU.Build.0 = Debug|Any CPU
		{9DACDF10-D115-4C54-9A60-7E9182D3CA14}.Release|Any CPU.ActiveCfg = Release|Any CPU
		{9DACDF10-D115-4C54-9A60-7E9182D3CA14}.Release|Any CPU.Build.0 = Release|Any CPU
		{736E30BC-65B7-46FB-846B-D7B16B1DB5C1}.Debug|Any CPU.ActiveCfg = Debug|Any CPU
		{736E30BC-65B7-46FB-846B-D7B16B1DB5C1}.Debug|Any CPU.Build.0 = Debug|Any CPU
		{736E30BC-65B7-46FB-846B-D7B16B1DB5C1}.Release|Any CPU.ActiveCfg = Release|Any CPU
		{736E30BC-65B7-46FB-846B-D7B16B1DB5C1}.Release|Any CPU.Build.0 = Release|Any CPU
		{82DD6BC9-1EB2-48AA-88D6-9A4B3581A4F3}.Debug|Any CPU.ActiveCfg = Debug|Any CPU
		{82DD6BC9-1EB2-48AA-88D6-9A4B3581A4F3}.Debug|Any CPU.Build.0 = Debug|Any CPU
		{82DD6BC9-1EB2-48AA-88D6-9A4B3581A4F3}.Release|Any CPU.ActiveCfg = Release|Any CPU
		{82DD6BC9-1EB2-48AA-88D6-9A4B3581A4F3}.Release|Any CPU.Build.0 = Release|Any CPU
	EndGlobalSection
	GlobalSection(SolutionProperties) = preSolution
		HideSolutionNode = FALSE
	EndGlobalSection
	GlobalSection(NestedProjects) = preSolution
		{E4BBEBB5-1BB0-4D8F-A831-9998E1D71F9C} = {72EA2B6D-0F55-4F74-8851-0999B6171D7D}
		{9DACDF10-D115-4C54-9A60-7E9182D3CA14} = {1C8353D6-D4F8-4AAC-A00F-3E4661877423}
		{736E30BC-65B7-46FB-846B-D7B16B1DB5C1} = {1C8353D6-D4F8-4AAC-A00F-3E4661877423}
		{82DD6BC9-1EB2-48AA-88D6-9A4B3581A4F3} = {1C8353D6-D4F8-4AAC-A00F-3E4661877423}
	EndGlobalSection
	GlobalSection(ExtensibilityGlobals) = postSolution
		SolutionGuid = {402C8A9E-0EF1-46C5-B60F-C073D6D4CE25}
	EndGlobalSection
EndGlobal
